
Microsoft Visual Studio Solution File, Format Version 12.00
# Visual Studio Version 16
VisualStudioVersion = 16.0.31129.286
MinimumVisualStudioVersion = 10.0.40219.1
Project("{FAE04EC0-301F-11D3-BF4B-00C04F79EFBC}") = "HofoStation.Android", "HofoStation\HofoStation.Android\HofoStation.Android.csproj", "{698F210F-F2D5-4EDA-9FE9-48E7CBAA1A4A}"
EndProject
Project("{FAE04EC0-301F-11D3-BF4B-00C04F79EFBC}") = "HofoStation.iOS", "HofoStation\HofoStation.iOS\HofoStation.iOS.csproj", "{16C1B466-5BCC-45C9-8586-A61A28C0D877}"
EndProject
Project("{FAE04EC0-301F-11D3-BF4B-00C04F79EFBC}") = "HofoStation", "HofoStation\HofoStation\HofoStation.csproj", "{128EEEE3-4701-4EE6-A83E-685B17A5D881}"
EndProject
Global
	GlobalSection(SolutionConfigurationPlatforms) = preSolution
		Debug|Any CPU = Debug|Any CPU
		Debug|iPhone = Debug|iPhone
		Debug|iPhoneSimulator = Debug|iPhoneSimulator
		Release|Any CPU = Release|Any CPU
		Release|iPhone = Release|iPhone
		Release|iPhoneSimulator = Release|iPhoneSimulator
	EndGlobalSection
	GlobalSection(ProjectConfigurationPlatforms) = postSolution
		{698F210F-F2D5-4EDA-9FE9-48E7CBAA1A4A}.Debug|Any CPU.ActiveCfg = Debug|Any CPU
		{698F210F-F2D5-4EDA-9FE9-48E7CBAA1A4A}.Debug|Any CPU.Build.0 = Debug|Any CPU
		{698F210F-F2D5-4EDA-9FE9-48E7CBAA1A4A}.Debug|Any CPU.Deploy.0 = Debug|Any CPU
		{698F210F-F2D5-4EDA-9FE9-48E7CBAA1A4A}.Debug|iPhone.ActiveCfg = Debug|Any CPU
		{698F210F-F2D5-4EDA-9FE9-48E7CBAA1A4A}.Debug|iPhone.Build.0 = Debug|Any CPU
		{698F210F-F2D5-4EDA-9FE9-48E7CBAA1A4A}.Debug|iPhone.Deploy.0 = Debug|Any CPU
		{698F210F-F2D5-4EDA-9FE9-48E7CBAA1A4A}.Debug|iPhoneSimulator.ActiveCfg = Debug|Any CPU
		{698F210F-F2D5-4EDA-9FE9-48E7CBAA1A4A}.Debug|iPhoneSimulator.Build.0 = Debug|Any CPU
		{698F210F-F2D5-4EDA-9FE9-48E7CBAA1A4A}.Debug|iPhoneSimulator.Deploy.0 = Debug|Any CPU
		{698F210F-F2D5-4EDA-9FE9-48E7CBAA1A4A}.Release|Any CPU.ActiveCfg = Release|Any CPU
		{698F210F-F2D5-4EDA-9FE9-48E7CBAA1A4A}.Release|Any CPU.Build.0 = Release|Any CPU
		{698F210F-F2D5-4EDA-9FE9-48E7CBAA1A4A}.Release|Any CPU.Deploy.0 = Release|Any CPU
		{698F210F-F2D5-4EDA-9FE9-48E7CBAA1A4A}.Release|iPhone.ActiveCfg = Release|Any CPU
		{698F210F-F2D5-4EDA-9FE9-48E7CBAA1A4A}.Release|iPhone.Build.0 = Release|Any CPU
		{698F210F-F2D5-4EDA-9FE9-48E7CBAA1A4A}.Release|iPhone.Deploy.0 = Release|Any CPU
		{698F210F-F2D5-4EDA-9FE9-48E7CBAA1A4A}.Release|iPhoneSimulator.ActiveCfg = Release|Any CPU
		{698F210F-F2D5-4EDA-9FE9-48E7CBAA1A4A}.Release|iPhoneSimulator.Build.0 = Release|Any CPU
		{698F210F-F2D5-4EDA-9FE9-48E7CBAA1A4A}.Release|iPhoneSimulator.Deploy.0 = Release|Any CPU
		{16C1B466-5BCC-45C9-8586-A61A28C0D877}.Debug|Any CPU.ActiveCfg = Debug|iPhone
		{16C1B466-5BCC-45C9-8586-A61A28C0D877}.Debug|Any CPU.Build.0 = Debug|iPhone
		{16C1B466-5BCC-45C9-8586-A61A28C0D877}.Debug|Any CPU.Deploy.0 = Debug|iPhone
		{16C1B466-5BCC-45C9-8586-A61A28C0D877}.Debug|iPhone.ActiveCfg = Debug|iPhone
		{16C1B466-5BCC-45C9-8586-A61A28C0D877}.Debug|iPhone.Build.0 = Debug|iPhone
		{16C1B466-5BCC-45C9-8586-A61A28C0D877}.Debug|iPhone.Deploy.0 = Debug|iPhone
		{16C1B466-5BCC-45C9-8586-A61A28C0D877}.Debug|iPhoneSimulator.ActiveCfg = Debug|iPhoneSimulator
		{16C1B466-5BCC-45C9-8586-A61A28C0D877}.Debug|iPhoneSimulator.Build.0 = Debug|iPhoneSimulator
		{16C1B466-5BCC-45C9-8586-A61A28C0D877}.Debug|iPhoneSimulator.Deploy.0 = Debug|iPhoneSimulator
		{16C1B466-5BCC-45C9-8586-A61A28C0D877}.Release|Any CPU.ActiveCfg = Release|iPhoneSimulator
		{16C1B466-5BCC-45C9-8586-A61A28C0D877}.Release|Any CPU.Build.0 = Release|iPhoneSimulator
		{16C1B466-5BCC-45C9-8586-A61A28C0D877}.Release|Any CPU.Deploy.0 = Release|iPhoneSimulator
		{16C1B466-5BCC-45C9-8586-A61A28C0D877}.Release|iPhone.ActiveCfg = Release|iPhone
		{16C1B466-5BCC-45C9-8586-A61A28C0D877}.Release|iPhone.Build.0 = Release|iPhone
		{16C1B466-5BCC-45C9-8586-A61A28C0D877}.Release|iPhone.Deploy.0 = Release|iPhone
		{16C1B466-5BCC-45C9-8586-A61A28C0D877}.Release|iPhoneSimulator.ActiveCfg = Release|iPhoneSimulator
		{16C1B466-5BCC-45C9-8586-A61A28C0D877}.Release|iPhoneSimulator.Build.0 = Release|iPhoneSimulator
		{16C1B466-5BCC-45C9-8586-A61A28C0D877}.Release|iPhoneSimulator.Deploy.0 = Release|iPhoneSimulator
		{128EEEE3-4701-4EE6-A83E-685B17A5D881}.Debug|Any CPU.ActiveCfg = Debug|Any CPU
		{128EEEE3-4701-4EE6-A83E-685B17A5D881}.Debug|Any CPU.Build.0 = Debug|Any CPU
		{128EEEE3-4701-4EE6-A83E-685B17A5D881}.Debug|Any CPU.Deploy.0 = Debug|Any CPU
		{128EEEE3-4701-4EE6-A83E-685B17A5D881}.Debug|iPhone.ActiveCfg = Debug|Any CPU
		{128EEEE3-4701-4EE6-A83E-685B17A5D881}.Debug|iPhone.Build.0 = Debug|Any CPU
		{128EEEE3-4701-4EE6-A83E-685B17A5D881}.Debug|iPhone.Deploy.0 = Debug|Any CPU
		{128EEEE3-4701-4EE6-A83E-685B17A5D881}.Debug|iPhoneSimulator.ActiveCfg = Debug|Any CPU
		{128EEEE3-4701-4EE6-A83E-685B17A5D881}.Debug|iPhoneSimulator.Build.0 = Debug|Any CPU
		{128EEEE3-4701-4EE6-A83E-685B17A5D881}.Debug|iPhoneSimulator.Deploy.0 = Debug|Any CPU
		{128EEEE3-4701-4EE6-A83E-685B17A5D881}.Release|Any CPU.ActiveCfg = Release|Any CPU
		{128EEEE3-4701-4EE6-A83E-685B17A5D881}.Release|Any CPU.Build.0 = Release|Any CPU
		{128EEEE3-4701-4EE6-A83E-685B17A5D881}.Release|Any CPU.Deploy.0 = Release|Any CPU
		{128EEEE3-4701-4EE6-A83E-685B17A5D881}.Release|iPhone.ActiveCfg = Release|Any CPU
		{128EEEE3-4701-4EE6-A83E-685B17A5D881}.Release|iPhone.Build.0 = Release|Any CPU
		{128EEEE3-4701-4EE6-A83E-685B17A5D881}.Release|iPhone.Deploy.0 = Release|Any CPU
		{128EEEE3-4701-4EE6-A83E-685B17A5D881}.Release|iPhoneSimulator.ActiveCfg = Release|Any CPU
		{128EEEE3-4701-4EE6-A83E-685B17A5D881}.Release|iPhoneSimulator.Build.0 = Release|Any CPU
		{128EEEE3-4701-4EE6-A83E-685B17A5D881}.Release|iPhoneSimulator.Deploy.0 = Release|Any CPU
	EndGlobalSection
	GlobalSection(SolutionProperties) = preSolution
		HideSolutionNode = FALSE
	EndGlobalSection
	GlobalSection(ExtensibilityGlobals) = postSolution
		SolutionGuid = {6FEFCE24-D609-42C5-8B8F-CCE88B651621}
	EndGlobalSection
EndGlobal
